
Microsoft Visual Studio Solution File, Format Version 10.00
# Visual Studio 2008
Project("{FAE04EC0-301F-11D3-BF4B-00C04F79EFBC}") = "Blu82", "Blu82\Blu82.csproj", "{44C58316-45FD-4CAE-8F41-038BFC90B110}"
EndProject
Global
	GlobalSection(SolutionConfigurationPlatforms) = preSolution
		Debug|Any CPU = Debug|Any CPU
		Release|Any CPU = Release|Any CPU
	EndGlobalSection
	GlobalSection(ProjectConfigurationPlatforms) = postSolution
		{44C58316-45FD-4CAE-8F41-038BFC90B110}.Debug|Any CPU.ActiveCfg = Debug|Any CPU
		{44C58316-45FD-4CAE-8F41-038BFC90B110}.Debug|Any CPU.Build.0 = Debug|Any CPU
		{44C58316-45FD-4CAE-8F41-038BFC90B110}.Release|Any CPU.ActiveCfg = Release|Any CPU
		{44C58316-45FD-4CAE-8F41-038BFC90B110}.Release|Any CPU.Build.0 = Release|Any CPU
	EndGlobalSection
	GlobalSection(SolutionProperties) = preSolution
		HideSolutionNode = FALSE
	EndGlobalSection
	GlobalSection(ExtensibilityGlobals) = postSolution
		VisualSVNWorkingCopyRoot = .
	EndGlobalSection
EndGlobal
